// !$*UTF8*$!
{
	archiveVersion = 1;
	classes = {
	};
	objectVersion = 46;
	objects = {

/* Begin PBXBuildFile section */
		F56311111C1A70BE001505DA /* main.c in Sources */ = {isa = PBXBuildFile; fileRef = F56311101C1A70BE001505DA /* main.c */; };
		F563111A1C1A70DE001505DA /* Stack.c in Sources */ = {isa = PBXBuildFile; fileRef = F56311181C1A70DE001505DA /* Stack.c */; };
/* End PBXBuildFile section */

/* Begin PBXCopyFilesBuildPhase section */
		F563110B1C1A70BE001505DA /* CopyFiles */ = {
			isa = PBXCopyFilesBuildPhase;
			buildActionMask = 2147483647;
			dstPath = /usr/share/man/man1/;
			dstSubfolderSpec = 0;
			files = (
			);
			runOnlyForDeploymentPostprocessing = 1;
		};
/* End PBXCopyFilesBuildPhase section */

/* Begin PBXFileReference section */
		F563110D1C1A70BE001505DA /* BinaryTreeNodePath */ = {isa = PBXFileReference; explicitFileType = "compiled.mach-o.executable"; includeInIndex = 0; path = BinaryTreeNodePath; sourceTree = BUILT_PRODUCTS_DIR; };
		F56311101C1A70BE001505DA /* main.c */ = {isa = PBXFileReference; lastKnownFileType = sourcecode.c.c; path = main.c; sourceTree = "<group>"; };
		F56311171C1A70DE001505DA /* Headers.h */ = {isa = PBXFileReference; fileEncoding = 4; lastKnownFileType = sourcecode.c.h; path = Headers.h; sourceTree = "<group>"; };
		F56311181C1A70DE001505DA /* Stack.c */ = {isa = PBXFileReference; fileEncoding = 4; lastKnownFileType = sourcecode.c.c; path = Stack.c; sourceTree = "<group>"; };
		F56311191C1A70DE001505DA /* Stack.h */ = {isa = PBXFileReference; fileEncoding = 4; lastKnownFileType = sourcecode.c.h; path = Stack.h; sourceTree = "<group>"; };
/* End PBXFileReference section */

/* Begin PBXFrameworksBuildPhase section */
		F563110A1C1A70BE001505DA /* Frameworks */ = {
			isa = PBXFrameworksBuildPhase;
			buildActionMask = 2147483647;
			files = (
			);
			runOnlyForDeploymentPostprocessing = 0;
		};
/* End PBXFrameworksBuildPhase section */

/* Begin PBXGroup section */
		F56311041C1A70BE001505DA = {
			isa = PBXGroup;
			children = (
				F563110F1C1A70BE001505DA /* BinaryTreeNodePath */,
				F563110E1C1A70BE001505DA /* Products */,
			);
			sourceTree = "<group>";
		};
		F563110E1C1A70BE001505DA /* Products */ = {
			isa = PBXGroup;
			children = (
				F563110D1C1A70BE001505DA /* BinaryTreeNodePath */,
			);
			name = Products;
			sourceTree = "<group>";
		};
		F563110F1C1A70BE001505DA /* BinaryTreeNodePath */ = {
			isa = PBXGroup;
			children = (
				F56311101C1A70BE001505DA /* main.c */,
				F56311171C1A70DE001505DA /* Headers.h */,
				F56311181C1A70DE001505DA /* Stack.c */,
				F56311191C1A70DE001505DA /* Stack.h */,
			);
			path = BinaryTreeNodePath;
			sourceTree = "<group>";
		};
/* End PBXGroup section */

/* Begin PBXNativeTarget section */
		F563110C1C1A70BE001505DA /* BinaryTreeNodePath */ = {
			isa = PBXNativeTarget;
			buildConfigurationList = F56311141C1A70BE001505DA /* Build configuration list for PBXNativeTarget "BinaryTreeNodePath" */;
			buildPhases = (
				F56311091C1A70BE001505DA /* Sources */,
				F563110A1C1A70BE001505DA /* Frameworks */,
				F563110B1C1A70BE001505DA /* CopyFiles */,
			);
			buildRules = (
			);
			dependencies = (
			);
			name = BinaryTreeNodePath;
			productName = BinaryTreeNodePath;
			productReference = F563110D1C1A70BE001505DA /* BinaryTreeNodePath */;
			productType = "com.apple.product-type.tool";
		};
/* End PBXNativeTarget section */

/* Begin PBXProject section */
		F56311051C1A70BE001505DA /* Project object */ = {
			isa = PBXProject;
			attributes = {
				LastUpgradeCheck = 0720;
				ORGANIZATIONNAME = Smartisan;
				TargetAttributes = {
					F563110C1C1A70BE001505DA = {
						CreatedOnToolsVersion = 7.2;
					};
				};
			};
			buildConfigurationList = F56311081C1A70BE001505DA /* Build configuration list for PBXProject "BinaryTreeNodePath" */;
			compatibilityVersion = "Xcode 3.2";
			developmentRegion = English;
			hasScannedForEncodings = 0;
			knownRegions = (
				en,
			);
			mainGroup = F56311041C1A70BE001505DA;
			productRefGroup = F563110E1C1A70BE001505DA /* Products */;
			projectDirPath = "";
			projectRoot = "";
			targets = (
				F563110C1C1A70BE001505DA /* BinaryTreeNodePath */,
			);
		};
/* End PBXProject section */

/* Begin PBXSourcesBuildPhase section */
		F56311091C1A70BE001505DA /* Sources */ = {
			isa = PBXSourcesBuildPhase;
			buildActionMask = 2147483647;
			files = (
				F563111A1C1A70DE001505DA /* Stack.c in Sources */,
				F56311111C1A70BE001505DA /* main.c in Sources */,
			);
			runOnlyForDeploymentPostprocessing = 0;
		};
/* End PBXSourcesBuildPhase section */

/* Begin XCBuildConfiguration section */
		F56311121C1A70BE001505DA /* Debug */ = {
			isa = XCBuildConfiguration;
			buildSettings = {
				ALWAYS_SEARCH_USER_PATHS = NO;
				CLANG_CXX_LANGUAGE_STANDARD = "gnu++0x";
				CLANG_CXX_LIBRARY = "libc++";
				CLANG_ENABLE_MODULES = YES;
				CLANG_ENABLE_OBJC_ARC = YES;
				CLANG_WARN_BOOL_CONVERSION = YES;
				CLANG_WARN_CONSTANT_CONVERSION = YES;
				CLANG_WARN_DIRECT_OBJC_ISA_USAGE = YES_ERROR;
				CLANG_WARN_EMPTY_BODY = YES;
				CLANG_WARN_ENUM_CONVERSION = YES;
				CLANG_WARN_INT_CONVERSION = YES;
				CLANG_WARN_OBJC_ROOT_CLASS = YES_ERROR;
				CLANG_WARN_UNREACHABLE_CODE = YES;
				CLANG_WARN__DUPLICATE_METHOD_MATCH = YES;
				CODE_SIGN_IDENTITY = "-";
				COPY_PHASE_STRIP = NO;
				DEBUG_INFORMATION_FORMAT = dwarf;
				ENABLE_STRICT_OBJC_MSGSEND = YES;
				ENABLE_TESTABILITY = YES;
				GCC_C_LANGUAGE_STANDARD = gnu99;
				GCC_DYNAMIC_NO_PIC = NO;
				GCC_NO_COMMON_BLOCKS = YES;
				GCC_OPTIMIZATION_LEVEL = 0;
				GCC_PREPROCESSOR_DEFINITIONS = (
					"DEBUG=1",
					"$(inherited)",
				);
				GCC_WARN_64_TO_32_BIT_CONVERSION = YES;
				GCC_WARN_ABOUT_RETURN_TYPE = YES_ERROR;
				GCC_WARN_UNDECLARED_SELECTOR = YES;
				GCC_WARN_UNINITIALIZED_AUTOS = YES_AGGRESSIVE;
				GCC_WARN_UNUSED_FUNCTION = YES;
				GCC_WARN_UNUSED_VARIABLE = YES;
				MACOSX_DEPLOYMENT_TARGET = 10.11;
				MTL_ENABLE_DEBUG_INFO = YES;
				ONLY_ACTIVE_ARCH = YES;
				SDKROOT = macosx;
			};
			name = Debug;
		};
		F56311131C1A70BE001505DA /* Release */ = {
			isa = XCBuildConfiguration;
			buildSettings = {
				ALWAYS_SEARCH_USER_PATHS = NO;
				CLANG_CXX_LANGUAGE_STANDARD = "gnu++0x";
				CLANG_CXX_LIBRARY = "libc++";
				CLANG_ENABLE_MODULES = YES;
				CLANG_ENABLE_OBJC_ARC = YES;
				CLANG_WARN_BOOL_CONVERSION = YES;
				CLANG_WARN_CONSTANT_CONVERSION = YES;
				CLANG_WARN_DIRECT_OBJC_ISA_USAGE = YES_ERROR;
				CLANG_WARN_EMPTY_BODY = YES;
				CLANG_WARN_ENUM_CONVERSION = YES;
				CLANG_WARN_INT_CONVERSION = YES;
				CLANG_WARN_OBJC_ROOT_CLASS = YES_ERROR;
				CLANG_WARN_UNREACHABLE_CODE = YES;
				CLANG_WARN__DUPLICATE_METHOD_MATCH = YES;
				CODE_SIGN_IDENTITY = "-";
				COPY_PHASE_STRIP = NO;
				DEBUG_INFORMATION_FORMAT = "dwarf-with-dsym";
				ENABLE_NS_ASSERTIONS = NO;
				ENABLE_STRICT_OBJC_MSGSEND = YES;
				GCC_C_LANGUAGE_STANDARD = gnu99;
				GCC_NO_COMMON_BLOCKS = YES;
				GCC_WARN_64_TO_32_BIT_CONVERSION = YES;
				GCC_WARN_ABOUT_RETURN_TYPE = YES_ERROR;
				GCC_WARN_UNDECLARED_SELECTOR = YES;
				GCC_WARN_UNINITIALIZED_AUTOS = YES_AGGRESSIVE;
				GCC_WARN_UNUSED_FUNCTION = YES;
				GCC_WARN_UNUSED_VARIABLE = YES;
				MACOSX_DEPLOYMENT_TARGET = 10.11;
				MTL_ENABLE_DEBUG_INFO = NO;
				SDKROOT = macosx;
			};
			name = Release;
		};
		F56311151C1A70BE001505DA /* Debug */ = {
			isa = XCBuildConfiguration;
			buildSettings = {
				PRODUCT_NAME = "$(TARGET_NAME)";
			};
			name = Debug;
		};
		F56311161C1A70BE001505DA /* Release */ = {
			isa = XCBuildConfiguration;
			buildSettings = {
				PRODUCT_NAME = "$(TARGET_NAME)";
			};
			name = Release;
		};
/* End XCBuildConfiguration section */

/* Begin XCConfigurationList section */
		F56311081C1A70BE001505DA /* Build configuration list for PBXProject "BinaryTreeNodePath" */ = {
			isa = XCConfigurationList;
			buildConfigurations = (
				F56311121C1A70BE001505DA /* Debug */,
				F56311131C1A70BE001505DA /* Release */,
			);
			defaultConfigurationIsVisible = 0;
			defaultConfigurationName = Release;
		};
		F56311141C1A70BE001505DA /* Build configuration list for PBXNativeTarget "BinaryTreeNodePath" */ = {
			isa = XCConfigurationList;
			buildConfigurations = (
				F56311151C1A70BE001505DA /* Debug */,
				F56311161C1A70BE001505DA /* Release */,
			);
			defaultConfigurationIsVisible = 0;
			defaultConfigurationName = Release;
		};
/* End XCConfigurationList section */
	};
	rootObject = F56311051C1A70BE001505DA /* Project object */;
}
