// !$*UTF8*$!
{
	archiveVersion = 1;
	classes = {
	};
	objectVersion = 46;
	objects = {

/* Begin PBXBuildFile section */
		F53D946C1C02E1FB006780CF /* main.m in Sources */ = {isa = PBXBuildFile; fileRef = F53D946B1C02E1FB006780CF /* main.m */; };
		F56E7E471C0FDEE90084914F /* Queue.c in Sources */ = {isa = PBXBuildFile; fileRef = F56E7E451C0FDEE90084914F /* Queue.c */; };
		F56E7E4B1C0FE3500084914F /* BinaryTree.c in Sources */ = {isa = PBXBuildFile; fileRef = F56E7E491C0FE3500084914F /* BinaryTree.c */; };
/* End PBXBuildFile section */

/* Begin PBXCopyFilesBuildPhase section */
		F53D94661C02E1FB006780CF /* CopyFiles */ = {
			isa = PBXCopyFilesBuildPhase;
			buildActionMask = 2147483647;
			dstPath = /usr/share/man/man1/;
			dstSubfolderSpec = 0;
			files = (
			);
			runOnlyForDeploymentPostprocessing = 1;
		};
/* End PBXCopyFilesBuildPhase section */

/* Begin PBXFileReference section */
		F53D94681C02E1FB006780CF /* Binary */ = {isa = PBXFileReference; explicitFileType = "compiled.mach-o.executable"; includeInIndex = 0; path = Binary; sourceTree = BUILT_PRODUCTS_DIR; };
		F53D946B1C02E1FB006780CF /* main.m */ = {isa = PBXFileReference; lastKnownFileType = sourcecode.c.objc; path = main.m; sourceTree = "<group>"; };
		F56E7E451C0FDEE90084914F /* Queue.c */ = {isa = PBXFileReference; fileEncoding = 4; lastKnownFileType = sourcecode.c.c; path = Queue.c; sourceTree = "<group>"; };
		F56E7E461C0FDEE90084914F /* Queue.h */ = {isa = PBXFileReference; fileEncoding = 4; lastKnownFileType = sourcecode.c.h; path = Queue.h; sourceTree = "<group>"; };
		F56E7E481C0FDF550084914F /* StructureDefine.h */ = {isa = PBXFileReference; lastKnownFileType = sourcecode.c.h; path = StructureDefine.h; sourceTree = "<group>"; };
		F56E7E491C0FE3500084914F /* BinaryTree.c */ = {isa = PBXFileReference; fileEncoding = 4; lastKnownFileType = sourcecode.c.c; path = BinaryTree.c; sourceTree = "<group>"; };
		F56E7E4A1C0FE3500084914F /* BinaryTree.h */ = {isa = PBXFileReference; fileEncoding = 4; lastKnownFileType = sourcecode.c.h; path = BinaryTree.h; sourceTree = "<group>"; };
/* End PBXFileReference section */

/* Begin PBXFrameworksBuildPhase section */
		F53D94651C02E1FB006780CF /* Frameworks */ = {
			isa = PBXFrameworksBuildPhase;
			buildActionMask = 2147483647;
			files = (
			);
			runOnlyForDeploymentPostprocessing = 0;
		};
/* End PBXFrameworksBuildPhase section */

/* Begin PBXGroup section */
		F53D945F1C02E1FB006780CF = {
			isa = PBXGroup;
			children = (
				F53D946A1C02E1FB006780CF /* Binary */,
				F53D94691C02E1FB006780CF /* Products */,
			);
			sourceTree = "<group>";
		};
		F53D94691C02E1FB006780CF /* Products */ = {
			isa = PBXGroup;
			children = (
				F53D94681C02E1FB006780CF /* Binary */,
			);
			name = Products;
			sourceTree = "<group>";
		};
		F53D946A1C02E1FB006780CF /* Binary */ = {
			isa = PBXGroup;
			children = (
				F53D946B1C02E1FB006780CF /* main.m */,
				F56E7E451C0FDEE90084914F /* Queue.c */,
				F56E7E461C0FDEE90084914F /* Queue.h */,
				F56E7E491C0FE3500084914F /* BinaryTree.c */,
				F56E7E4A1C0FE3500084914F /* BinaryTree.h */,
				F56E7E481C0FDF550084914F /* StructureDefine.h */,
			);
			path = Binary;
			sourceTree = "<group>";
		};
/* End PBXGroup section */

/* Begin PBXNativeTarget section */
		F53D94671C02E1FB006780CF /* Binary */ = {
			isa = PBXNativeTarget;
			buildConfigurationList = F53D946F1C02E1FB006780CF /* Build configuration list for PBXNativeTarget "Binary" */;
			buildPhases = (
				F53D94641C02E1FB006780CF /* Sources */,
				F53D94651C02E1FB006780CF /* Frameworks */,
				F53D94661C02E1FB006780CF /* CopyFiles */,
			);
			buildRules = (
			);
			dependencies = (
			);
			name = Binary;
			productName = Binary;
			productReference = F53D94681C02E1FB006780CF /* Binary */;
			productType = "com.apple.product-type.tool";
		};
/* End PBXNativeTarget section */

/* Begin PBXProject section */
		F53D94601C02E1FB006780CF /* Project object */ = {
			isa = PBXProject;
			attributes = {
				LastUpgradeCheck = 0710;
				ORGANIZATIONNAME = Smartisan;
				TargetAttributes = {
					F53D94671C02E1FB006780CF = {
						CreatedOnToolsVersion = 7.1;
					};
				};
			};
			buildConfigurationList = F53D94631C02E1FB006780CF /* Build configuration list for PBXProject "Binary" */;
			compatibilityVersion = "Xcode 3.2";
			developmentRegion = English;
			hasScannedForEncodings = 0;
			knownRegions = (
				en,
			);
			mainGroup = F53D945F1C02E1FB006780CF;
			productRefGroup = F53D94691C02E1FB006780CF /* Products */;
			projectDirPath = "";
			projectRoot = "";
			targets = (
				F53D94671C02E1FB006780CF /* Binary */,
			);
		};
/* End PBXProject section */

/* Begin PBXSourcesBuildPhase section */
		F53D94641C02E1FB006780CF /* Sources */ = {
			isa = PBXSourcesBuildPhase;
			buildActionMask = 2147483647;
			files = (
				F53D946C1C02E1FB006780CF /* main.m in Sources */,
				F56E7E471C0FDEE90084914F /* Queue.c in Sources */,
				F56E7E4B1C0FE3500084914F /* BinaryTree.c in Sources */,
			);
			runOnlyForDeploymentPostprocessing = 0;
		};
/* End PBXSourcesBuildPhase section */

/* Begin XCBuildConfiguration section */
		F53D946D1C02E1FB006780CF /* Debug */ = {
			isa = XCBuildConfiguration;
			buildSettings = {
				ALWAYS_SEARCH_USER_PATHS = NO;
				CLANG_CXX_LANGUAGE_STANDARD = "gnu++0x";
				CLANG_CXX_LIBRARY = "libc++";
				CLANG_ENABLE_MODULES = YES;
				CLANG_ENABLE_OBJC_ARC = YES;
				CLANG_WARN_BOOL_CONVERSION = YES;
				CLANG_WARN_CONSTANT_CONVERSION = YES;
				CLANG_WARN_DIRECT_OBJC_ISA_USAGE = YES_ERROR;
				CLANG_WARN_EMPTY_BODY = YES;
				CLANG_WARN_ENUM_CONVERSION = YES;
				CLANG_WARN_INT_CONVERSION = YES;
				CLANG_WARN_OBJC_ROOT_CLASS = YES_ERROR;
				CLANG_WARN_UNREACHABLE_CODE = YES;
				CLANG_WARN__DUPLICATE_METHOD_MATCH = YES;
				CODE_SIGN_IDENTITY = "-";
				COPY_PHASE_STRIP = NO;
				DEBUG_INFORMATION_FORMAT = dwarf;
				ENABLE_STRICT_OBJC_MSGSEND = YES;
				ENABLE_TESTABILITY = YES;
				GCC_C_LANGUAGE_STANDARD = gnu99;
				GCC_DYNAMIC_NO_PIC = NO;
				GCC_NO_COMMON_BLOCKS = YES;
				GCC_OPTIMIZATION_LEVEL = 0;
				GCC_PREPROCESSOR_DEFINITIONS = (
					"DEBUG=1",
					"$(inherited)",
				);
				GCC_WARN_64_TO_32_BIT_CONVERSION = YES;
				GCC_WARN_ABOUT_RETURN_TYPE = YES_ERROR;
				GCC_WARN_UNDECLARED_SELECTOR = YES;
				GCC_WARN_UNINITIALIZED_AUTOS = YES_AGGRESSIVE;
				GCC_WARN_UNUSED_FUNCTION = YES;
				GCC_WARN_UNUSED_VARIABLE = YES;
				MACOSX_DEPLOYMENT_TARGET = 10.11;
				MTL_ENABLE_DEBUG_INFO = YES;
				ONLY_ACTIVE_ARCH = YES;
				SDKROOT = macosx;
			};
			name = Debug;
		};
		F53D946E1C02E1FB006780CF /* Release */ = {
			isa = XCBuildConfiguration;
			buildSettings = {
				ALWAYS_SEARCH_USER_PATHS = NO;
				CLANG_CXX_LANGUAGE_STANDARD = "gnu++0x";
				CLANG_CXX_LIBRARY = "libc++";
				CLANG_ENABLE_MODULES = YES;
				CLANG_ENABLE_OBJC_ARC = YES;
				CLANG_WARN_BOOL_CONVERSION = YES;
				CLANG_WARN_CONSTANT_CONVERSION = YES;
				CLANG_WARN_DIRECT_OBJC_ISA_USAGE = YES_ERROR;
				CLANG_WARN_EMPTY_BODY = YES;
				CLANG_WARN_ENUM_CONVERSION = YES;
				CLANG_WARN_INT_CONVERSION = YES;
				CLANG_WARN_OBJC_ROOT_CLASS = YES_ERROR;
				CLANG_WARN_UNREACHABLE_CODE = YES;
				CLANG_WARN__DUPLICATE_METHOD_MATCH = YES;
				CODE_SIGN_IDENTITY = "-";
				COPY_PHASE_STRIP = NO;
				DEBUG_INFORMATION_FORMAT = "dwarf-with-dsym";
				ENABLE_NS_ASSERTIONS = NO;
				ENABLE_STRICT_OBJC_MSGSEND = YES;
				GCC_C_LANGUAGE_STANDARD = gnu99;
				GCC_NO_COMMON_BLOCKS = YES;
				GCC_WARN_64_TO_32_BIT_CONVERSION = YES;
				GCC_WARN_ABOUT_RETURN_TYPE = YES_ERROR;
				GCC_WARN_UNDECLARED_SELECTOR = YES;
				GCC_WARN_UNINITIALIZED_AUTOS = YES_AGGRESSIVE;
				GCC_WARN_UNUSED_FUNCTION = YES;
				GCC_WARN_UNUSED_VARIABLE = YES;
				MACOSX_DEPLOYMENT_TARGET = 10.11;
				MTL_ENABLE_DEBUG_INFO = NO;
				SDKROOT = macosx;
			};
			name = Release;
		};
		F53D94701C02E1FB006780CF /* Debug */ = {
			isa = XCBuildConfiguration;
			buildSettings = {
				PRODUCT_NAME = "$(TARGET_NAME)";
			};
			name = Debug;
		};
		F53D94711C02E1FB006780CF /* Release */ = {
			isa = XCBuildConfiguration;
			buildSettings = {
				PRODUCT_NAME = "$(TARGET_NAME)";
			};
			name = Release;
		};
/* End XCBuildConfiguration section */

/* Begin XCConfigurationList section */
		F53D94631C02E1FB006780CF /* Build configuration list for PBXProject "Binary" */ = {
			isa = XCConfigurationList;
			buildConfigurations = (
				F53D946D1C02E1FB006780CF /* Debug */,
				F53D946E1C02E1FB006780CF /* Release */,
			);
			defaultConfigurationIsVisible = 0;
			defaultConfigurationName = Release;
		};
		F53D946F1C02E1FB006780CF /* Build configuration list for PBXNativeTarget "Binary" */ = {
			isa = XCConfigurationList;
			buildConfigurations = (
				F53D94701C02E1FB006780CF /* Debug */,
				F53D94711C02E1FB006780CF /* Release */,
			);
			defaultConfigurationIsVisible = 0;
			defaultConfigurationName = Release;
		};
/* End XCConfigurationList section */
	};
	rootObject = F53D94601C02E1FB006780CF /* Project object */;
}
